{
    "version": 3,
    "terraform_version": "0.10.7",
    "serial": 6,
    "lineage": "74b2b4ee-26ec-48ae-9155-9330511205ee",
    "modules": [
        {
            "path": [
                "root"
            ],
            "outputs": {},
            "resources": {
                "aws_elb.app": {
                    "type": "aws_elb",
                    "depends_on": [
                        "data.terraform_remote_state.vpc"
                    ],
                    "primary": {
                        "id": "app-elb",
                        "attributes": {
                            "access_logs.#": "0",
                            "availability_zones.#": "1",
                            "availability_zones.3230292939": "eu-west-2a",
                            "connection_draining": "false",
                            "connection_draining_timeout": "300",
                            "cross_zone_load_balancing": "true",
                            "dns_name": "app-elb-476553855.eu-west-2.elb.amazonaws.com",
                            "health_check.#": "1",
                            "health_check.0.healthy_threshold": "2",
                            "health_check.0.interval": "30",
                            "health_check.0.target": "HTTP:8085/",
                            "health_check.0.timeout": "3",
                            "health_check.0.unhealthy_threshold": "2",
                            "id": "app-elb",
                            "idle_timeout": "60",
                            "instances.#": "0",
                            "internal": "false",
                            "listener.#": "1",
                            "listener.2416202085.instance_port": "8085",
                            "listener.2416202085.instance_protocol": "http",
                            "listener.2416202085.lb_port": "80",
                            "listener.2416202085.lb_protocol": "http",
                            "listener.2416202085.ssl_certificate_id": "",
                            "name": "app-elb",
                            "security_groups.#": "1",
                            "security_groups.2042445369": "sg-aea349c6",
                            "source_security_group": "878039544970/infra_problem_base",
                            "source_security_group_id": "sg-aea349c6",
                            "subnets.#": "1",
                            "subnets.1804077599": "subnet-79443b02",
                            "tags.%": "1",
                            "tags.Name": "app_elb",
                            "zone_id": "ZHURV8PSTC4K8"
                        },
                        "meta": {},
                        "tainted": false
                    },
                    "deposed": [],
                    "provider": ""
                },
                "data.terraform_remote_state.jenkins": {
                    "type": "terraform_remote_state",
                    "depends_on": [],
                    "primary": {
                        "id": "2017-10-14 20:48:57.478077379 +0000 UTC",
                        "attributes": {
                            "admin_iam": "arn:aws:iam::878039544970:role/test_role",
                            "backend": "s3",
                            "config.%": "3",
                            "config.bucket": "infra-problem",
                            "config.key": "infra-problem-jenkins",
                            "config.region": "eu-west-2",
                            "deployer_key": "infra_problem",
                            "environment": "default",
                            "id": "2017-10-14 20:48:57.478077379 +0000 UTC"
                        },
                        "meta": {},
                        "tainted": false
                    },
                    "deposed": [],
                    "provider": ""
                },
                "data.terraform_remote_state.vpc": {
                    "type": "terraform_remote_state",
                    "depends_on": [],
                    "primary": {
                        "id": "2017-10-14 20:48:57.44075148 +0000 UTC",
                        "attributes": {
                            "backend": "s3",
                            "config.%": "3",
                            "config.bucket": "infra-problem",
                            "config.key": "infra-problem-vpc",
                            "config.region": "eu-west-2",
                            "environment": "default",
                            "id": "2017-10-14 20:48:57.44075148 +0000 UTC",
                            "infra_problem_base_sg": "sg-aea349c6",
                            "infra_problem_private_subnet": "subnet-d7443bac",
                            "infra_problem_public_subnet": "subnet-79443b02",
                            "infra_problem_public_subnet_b": "subnet-a01c94ed",
                            "infra_problem_vpc": "vpc-bc5f12d5"
                        },
                        "meta": {},
                        "tainted": false
                    },
                    "deposed": [],
                    "provider": ""
                }
            },
            "depends_on": []
        }
    ]
}
