{
    "version": 3,
    "terraform_version": "0.10.7",
    "serial": 6,
    "lineage": "a73536b6-c26f-410f-9a12-3be0dab65701",
    "modules": [
        {
            "path": [
                "root"
            ],
            "outputs": {
                "admin_iam": {
                    "sensitive": false,
                    "type": "string",
                    "value": "arn:aws:iam::878039544970:role/test_role"
                },
                "deployer_key": {
                    "sensitive": false,
                    "type": "string",
                    "value": "infra_problem"
                }
            },
            "resources": {
                "aws_elb.jenkins": {
                    "type": "aws_elb",
                    "depends_on": [
                        "aws_instance.jenkins",
                        "data.terraform_remote_state.vpc"
                    ],
                    "primary": {
                        "id": "jenkins-elb",
                        "attributes": {
                            "access_logs.#": "0",
                            "availability_zones.#": "1",
                            "availability_zones.3230292939": "eu-west-2a",
                            "connection_draining": "true",
                            "connection_draining_timeout": "400",
                            "cross_zone_load_balancing": "true",
                            "dns_name": "jenkins-elb-1527963096.eu-west-2.elb.amazonaws.com",
                            "health_check.#": "1",
                            "health_check.0.healthy_threshold": "2",
                            "health_check.0.interval": "30",
                            "health_check.0.target": "HTTP:8000/",
                            "health_check.0.timeout": "3",
                            "health_check.0.unhealthy_threshold": "2",
                            "id": "jenkins-elb",
                            "idle_timeout": "400",
                            "instances.#": "1",
                            "instances.1719978039": "i-022aabb883a529a5b",
                            "internal": "false",
                            "listener.#": "1",
                            "listener.206423021.instance_port": "8000",
                            "listener.206423021.instance_protocol": "http",
                            "listener.206423021.lb_port": "80",
                            "listener.206423021.lb_protocol": "http",
                            "listener.206423021.ssl_certificate_id": "",
                            "name": "jenkins-elb",
                            "security_groups.#": "1",
                            "security_groups.2042445369": "sg-aea349c6",
                            "source_security_group": "878039544970/infra_problem_base",
                            "source_security_group_id": "sg-aea349c6",
                            "subnets.#": "1",
                            "subnets.1804077599": "subnet-79443b02",
                            "tags.%": "1",
                            "tags.Name": "jenkins_elb",
                            "zone_id": "ZHURV8PSTC4K8"
                        },
                        "meta": {},
                        "tainted": false
                    },
                    "deposed": [],
                    "provider": ""
                },
                "aws_iam_instance_profile.jenkins_profile": {
                    "type": "aws_iam_instance_profile",
                    "depends_on": [
                        "aws_iam_role.test_role"
                    ],
                    "primary": {
                        "id": "jenkins_profile",
                        "attributes": {
                            "arn": "arn:aws:iam::878039544970:instance-profile/jenkins_profile",
                            "id": "jenkins_profile",
                            "name": "jenkins_profile",
                            "path": "/",
                            "role": "test_role",
                            "roles.#": "1",
                            "roles.1376821413": "test_role",
                            "unique_id": "AIPAIGEHKYVIDNZKGUTAC"
                        },
                        "meta": {},
                        "tainted": false
                    },
                    "deposed": [],
                    "provider": ""
                },
                "aws_iam_policy.jenkins": {
                    "type": "aws_iam_policy",
                    "depends_on": [],
                    "primary": {
                        "id": "arn:aws:iam::878039544970:policy/jenkins_policy",
                        "attributes": {
                            "arn": "arn:aws:iam::878039544970:policy/jenkins_policy",
                            "description": "jenkins policy",
                            "id": "arn:aws:iam::878039544970:policy/jenkins_policy",
                            "name": "jenkins_policy",
                            "path": "/",
                            "policy": "{\n\t\"Version\": \"2012-10-17\",\n\t\"Statement\": [\n\t\t{\n\t  \t\t\"Action\": [\n\t    \t\t\"ec2:Describe*\"\n\t  \t\t],\n\t  \t\t\"Effect\": \"Allow\",\n\t  \t\t\"Resource\": \"*\"\n\t\t}\n\t]\n}\n"
                        },
                        "meta": {},
                        "tainted": false
                    },
                    "deposed": [],
                    "provider": ""
                },
                "aws_iam_role.test_role": {
                    "type": "aws_iam_role",
                    "depends_on": [],
                    "primary": {
                        "id": "test_role",
                        "attributes": {
                            "arn": "arn:aws:iam::878039544970:role/test_role",
                            "assume_role_policy": "{\"Version\":\"2012-10-17\",\"Statement\":[{\"Sid\":\"\",\"Effect\":\"Allow\",\"Principal\":{\"Service\":\"ec2.amazonaws.com\"},\"Action\":\"sts:AssumeRole\"}]}",
                            "create_date": "2017-10-14T14:30:28Z",
                            "force_detach_policies": "false",
                            "id": "test_role",
                            "name": "test_role",
                            "path": "/",
                            "unique_id": "AROAJZQX64YAQSHP2ACZ2"
                        },
                        "meta": {},
                        "tainted": false
                    },
                    "deposed": [],
                    "provider": ""
                },
                "aws_instance.jenkins": {
                    "type": "aws_instance",
                    "depends_on": [
                        "aws_iam_instance_profile.jenkins_profile",
                        "aws_key_pair.deployer_key",
                        "data.terraform_remote_state.vpc"
                    ],
                    "primary": {
                        "id": "i-022aabb883a529a5b",
                        "attributes": {
                            "ami": "ami-0a85946e",
                            "associate_public_ip_address": "true",
                            "availability_zone": "eu-west-2a",
                            "disable_api_termination": "false",
                            "ebs_block_device.#": "1",
                            "ebs_block_device.504524833.delete_on_termination": "true",
                            "ebs_block_device.504524833.device_name": "/dev/xvdcz",
                            "ebs_block_device.504524833.encrypted": "false",
                            "ebs_block_device.504524833.iops": "100",
                            "ebs_block_device.504524833.snapshot_id": "",
                            "ebs_block_device.504524833.volume_size": "22",
                            "ebs_block_device.504524833.volume_type": "gp2",
                            "ebs_optimized": "false",
                            "ephemeral_block_device.#": "0",
                            "iam_instance_profile": "jenkins_profile",
                            "id": "i-022aabb883a529a5b",
                            "instance_state": "running",
                            "instance_type": "t2.small",
                            "ipv6_addresses.#": "0",
                            "key_name": "infra_problem",
                            "monitoring": "false",
                            "network_interface.#": "0",
                            "network_interface_id": "eni-f87f7daa",
                            "primary_network_interface_id": "eni-f87f7daa",
                            "private_dns": "ip-10-1-5-86.eu-west-2.compute.internal",
                            "private_ip": "10.1.5.86",
                            "public_dns": "",
                            "public_ip": "52.56.65.74",
                            "root_block_device.#": "1",
                            "root_block_device.0.delete_on_termination": "true",
                            "root_block_device.0.iops": "100",
                            "root_block_device.0.volume_size": "8",
                            "root_block_device.0.volume_type": "gp2",
                            "security_groups.#": "0",
                            "source_dest_check": "true",
                            "subnet_id": "subnet-79443b02",
                            "tags.%": "1",
                            "tags.Name": "jenkins",
                            "tenancy": "default",
                            "volume_tags.%": "0",
                            "vpc_security_group_ids.#": "1",
                            "vpc_security_group_ids.2042445369": "sg-aea349c6"
                        },
                        "meta": {
                            "e2bfb730-ecaa-11e6-8f88-34363bc7c4c0": {
                                "create": 600000000000,
                                "delete": 600000000000,
                                "update": 600000000000
                            },
                            "schema_version": "1"
                        },
                        "tainted": false
                    },
                    "deposed": [],
                    "provider": ""
                },
                "aws_key_pair.deployer_key": {
                    "type": "aws_key_pair",
                    "depends_on": [],
                    "primary": {
                        "id": "infra_problem",
                        "attributes": {
                            "fingerprint": "05:f0:0b:21:2a:54:b9:d0:64:7e:99:e6:04:c5:58:61",
                            "id": "infra_problem",
                            "key_name": "infra_problem",
                            "public_key": "ssh-rsa AAAAB3NzaC1yc2EAAAADAQABAAABAQDp01X3lVQ9NaqRFd44cajO4S2a6SMJQpr0IlW8Ke4FjcOMMavtI3oEuE7pAmu+sMEjMzitWpjlWCyA9BXGKb+mgXVKaDOKGJAVRiMRNnC0zNgAOCXIAWSo+C9oOkJioK/eNCJPb3kz5gg9o+d5kzZEkMuWEeL/u+AO1XNaaX2ryLs3yvINWo46QmSin8jtHeWTBveWWlZUCfjEFD9VkTltrD9da2WyQBjkwwgtTHNMrwY7rKIEHDs1hUE2Rp0SRKenYcqKEC3E1AOZzP5nLHTufXCtzpDvEvLgtN0XEB9iL6QaJUbNZM1o4oKAGa6XY4+9yMTkh4+qYbRG7VUsp9QR infra_problem"
                        },
                        "meta": {
                            "schema_version": "1"
                        },
                        "tainted": false
                    },
                    "deposed": [],
                    "provider": ""
                },
                "data.aws_ami.ec2_linux": {
                    "type": "aws_ami",
                    "depends_on": [],
                    "primary": {
                        "id": "ami-1a7f6d7e",
                        "attributes": {
                            "architecture": "x86_64",
                            "block_device_mappings.#": "1",
                            "block_device_mappings.340275815.device_name": "/dev/xvda",
                            "block_device_mappings.340275815.ebs.%": "6",
                            "block_device_mappings.340275815.ebs.delete_on_termination": "true",
                            "block_device_mappings.340275815.ebs.encrypted": "false",
                            "block_device_mappings.340275815.ebs.iops": "0",
                            "block_device_mappings.340275815.ebs.snapshot_id": "snap-05176d8f14cf74aff",
                            "block_device_mappings.340275815.ebs.volume_size": "8",
                            "block_device_mappings.340275815.ebs.volume_type": "gp2",
                            "block_device_mappings.340275815.no_device": "",
                            "block_device_mappings.340275815.virtual_name": "",
                            "creation_date": "2017-10-01T09:05:53.000Z",
                            "description": "Amazon Linux AMI 2017.09.0.20170930 x86_64 HVM GP2",
                            "filter.#": "3",
                            "filter.2041323087.name": "name",
                            "filter.2041323087.values.#": "1",
                            "filter.2041323087.values.0": "amzn-ami-*-x86_64-gp2",
                            "filter.490168357.name": "virtualization-type",
                            "filter.490168357.values.#": "1",
                            "filter.490168357.values.0": "hvm",
                            "filter.574890044.name": "owner-alias",
                            "filter.574890044.values.#": "1",
                            "filter.574890044.values.0": "amazon",
                            "hypervisor": "xen",
                            "id": "ami-1a7f6d7e",
                            "image_id": "ami-1a7f6d7e",
                            "image_location": "amazon/amzn-ami-hvm-2017.09.0.20170930-x86_64-gp2",
                            "image_owner_alias": "amazon",
                            "image_type": "machine",
                            "most_recent": "true",
                            "name": "amzn-ami-hvm-2017.09.0.20170930-x86_64-gp2",
                            "owner_id": "137112412989",
                            "product_codes.#": "0",
                            "public": "true",
                            "root_device_name": "/dev/xvda",
                            "root_device_type": "ebs",
                            "sriov_net_support": "simple",
                            "state": "available",
                            "state_reason.%": "2",
                            "state_reason.code": "UNSET",
                            "state_reason.message": "UNSET",
                            "tags.#": "0",
                            "virtualization_type": "hvm"
                        },
                        "meta": {},
                        "tainted": false
                    },
                    "deposed": [],
                    "provider": ""
                },
                "data.terraform_remote_state.jenkins": {
                    "type": "terraform_remote_state",
                    "depends_on": [],
                    "primary": {
                        "id": "2017-10-14 20:41:12.050935074 +0000 UTC",
                        "attributes": {
                            "backend": "s3",
                            "config.%": "3",
                            "config.bucket": "infra-problem",
                            "config.key": "infra-problem-jenkins",
                            "config.region": "eu-west-2",
                            "environment": "default",
                            "id": "2017-10-14 20:41:12.050935074 +0000 UTC"
                        },
                        "meta": {},
                        "tainted": false
                    },
                    "deposed": [],
                    "provider": ""
                },
                "data.terraform_remote_state.vpc": {
                    "type": "terraform_remote_state",
                    "depends_on": [],
                    "primary": {
                        "id": "2017-10-14 20:41:12.076233881 +0000 UTC",
                        "attributes": {
                            "backend": "s3",
                            "config.%": "3",
                            "config.bucket": "infra-problem",
                            "config.key": "infra-problem-vpc",
                            "config.region": "eu-west-2",
                            "environment": "default",
                            "id": "2017-10-14 20:41:12.076233881 +0000 UTC",
                            "infra_problem_base_sg": "sg-aea349c6",
                            "infra_problem_private_subnet": "subnet-d7443bac",
                            "infra_problem_public_subnet": "subnet-79443b02",
                            "infra_problem_public_subnet_b": "subnet-a01c94ed",
                            "infra_problem_vpc": "vpc-bc5f12d5"
                        },
                        "meta": {},
                        "tainted": false
                    },
                    "deposed": [],
                    "provider": ""
                }
            },
            "depends_on": []
        }
    ]
}
